
Microsoft Visual Studio Solution File, Format Version 12.00
# Visual Studio Version 16
VisualStudioVersion = 16.0.29911.84
MinimumVisualStudioVersion = 10.0.40219.1
Project("{FAE04EC0-301F-11D3-BF4B-00C04F79EFBC}") = "mini-compiler", "mini-compiler.csproj", "{62364DE8-FFC9-4C73-8EB1-71C431810DD3}"
EndProject
Global
	GlobalSection(SolutionConfigurationPlatforms) = preSolution
		Debug|Any CPU = Debug|Any CPU
		Release|Any CPU = Release|Any CPU
	EndGlobalSection
	GlobalSection(ProjectConfigurationPlatforms) = postSolution
		{62364DE8-FFC9-4C73-8EB1-71C431810DD3}.Debug|Any CPU.ActiveCfg = Debug|Any CPU
		{62364DE8-FFC9-4C73-8EB1-71C431810DD3}.Debug|Any CPU.Build.0 = Debug|Any CPU
		{62364DE8-FFC9-4C73-8EB1-71C431810DD3}.Release|Any CPU.ActiveCfg = Release|Any CPU
		{62364DE8-FFC9-4C73-8EB1-71C431810DD3}.Release|Any CPU.Build.0 = Release|Any CPU
	EndGlobalSection
	GlobalSection(SolutionProperties) = preSolution
		HideSolutionNode = FALSE
	EndGlobalSection
	GlobalSection(ExtensibilityGlobals) = postSolution
		SolutionGuid = {780D0331-66D1-413B-B442-5D10C4B12628}
	EndGlobalSection
EndGlobal
